
Microsoft Visual Studio Solution File, Format Version 12.00
# Visual Studio Version 17
VisualStudioVersion = 17.7.34024.191
MinimumVisualStudioVersion = 10.0.40219.1
Project("{FAE04EC0-301F-11D3-BF4B-00C04F79EFBC}") = "OOP_PracticeTask", "OOP_PracticeTask.csproj", "{AECEBA1C-9EF6-4F13-AA0F-623CE4170911}"
EndProject
Global
	GlobalSection(SolutionConfigurationPlatforms) = preSolution
		Debug|Any CPU = Debug|Any CPU
		Release|Any CPU = Release|Any CPU
	EndGlobalSection
	GlobalSection(ProjectConfigurationPlatforms) = postSolution
		{AECEBA1C-9EF6-4F13-AA0F-623CE4170911}.Debug|Any CPU.ActiveCfg = Debug|Any CPU
		{AECEBA1C-9EF6-4F13-AA0F-623CE4170911}.Debug|Any CPU.Build.0 = Debug|Any CPU
		{AECEBA1C-9EF6-4F13-AA0F-623CE4170911}.Release|Any CPU.ActiveCfg = Release|Any CPU
		{AECEBA1C-9EF6-4F13-AA0F-623CE4170911}.Release|Any CPU.Build.0 = Release|Any CPU
	EndGlobalSection
	GlobalSection(SolutionProperties) = preSolution
		HideSolutionNode = FALSE
	EndGlobalSection
	GlobalSection(ExtensibilityGlobals) = postSolution
		SolutionGuid = {C7D1EC57-C7A1-49EB-B73C-754238F811A5}
	EndGlobalSection
EndGlobal
